github.com/avast/retry-go/v4 v4.5.1 h1:AxIx0HGi4VZ3I02jr78j5lZ3M6x1E0Ivxa6b0pUUh7o=
github.com/avast/retry-go/v4 v4.5.1/go.mod h1:/sipNsvNB3RRuT5iNcb6h73nw3IBmXJ/H3XrCQYSOpc=
github.com/aws/aws-sdk-go v1.49.21 h1:Rl8KW6HqkwzhATwvXhyr7vD4JFUMi7oXGAw9SrxxIFY=
github.com/aws/aws-sdk-go v1.49.21/go.mod h1:LF8svs817+Nz+DmiMQKTO3ubZ/6IaTpq3TjupRn3Eqk=
github.com/aws/aws-sdk-go-v2 v1.25.2 h1:/uiG1avJRgLGiQM9X3qJM8+Qa6KRGK5rRPuXE0HUM+w=
github.com/aws/aws-sdk-go-v2 v1.25.2/go.mod h1:Evoc5AsmtveRt1komDwIsjHFyrP5tDuF1D1U+6z6pNo=
github.com/aws/aws-sdk-go-v2/aws/protocol/eventstream v1.5.4 h1:OCs21ST2LrepDfD3lwlQiOqIGp6JiEUqG84GzTDoyJs=
github.com/aws/aws-sdk-go-v2/aws/protocol/eventstream v1.5.4/go.mod h1:usURWEKSNNAcAZuzRn/9ZYPT8aZQkR7xcCtunK/LkJo=
github.com/aws/aws-sdk-go-v2/config v1.26.2 h1:+RWLEIWQIGgrz2pBPAUoGgNGs1TOyF4Hml7hCnYj2jc=
github.com/aws/aws-sdk-go-v2/config v1.26.2/go.mod h1:l6xqvUxt0Oj7PI/SUXYLNyZ9T/yBPn3YTQcJLLOdtR8=
github.com/aws/aws-sdk-go-v2/credentials v1.16.13 h1:WLABQ4Cp4vXtXfOWOS3MEZKr6AAYUpMczLhgKtAjQ/8=
github.com/aws/aws-sdk-go-v2/credentials v1.16.13/go.mod h1:Qg6x82FXwW0sJHzYruxGiuApNo31UEtJvXVSZAXeWiw=
github.com/aws/aws-sdk-go-v2/feature/dynamodb/attributevalue v1.13.6 h1:fKkSKZFqQWCE59mDdboIoG2hWzY1pEHPnSkD6qwq7IE=
github.com/aws/aws-sdk-go-v2/feature/dynamodb/attributevalue v1.13.6/go.mod h1:+/MkJPCE/m0lNlYKVyKG79YFM2IF/n2gM43llt34xXQ=
github.com/aws/aws-sdk-go-v2/feature/dynamodb/expression v1.7.6 h1:pdQFFfM/L8P3VG3KcpuqhRIitI2Ua+vH6iidYqsbLeo=
github.com/aws/aws-sdk-go-v2/feature/dynamodb/expression v1.7.6/go.mod h1:M4qwQnA4Bajt0AGOx47oHHD83jqIN5MZtsNELZsS4FE=
github.com/aws/aws-sdk-go-v2/feature/ec2/imds v1.14.10 h1:w98BT5w+ao1/r5sUuiH6JkVzjowOKeOJRHERyy1vh58=
github.com/aws/aws-sdk-go-v2/feature/ec2/imds v1.14.10/go.mod h1:K2WGI7vUvkIv1HoNbfBA1bvIZ+9kL3YVmWxeKuLQsiw=
github.com/aws/aws-sdk-go-v2/internal/configsources v1.3.2 h1:bNo4LagzUKbjdxE0tIcR9pMzLR2U/Tgie1Hq1HQ3iH8=
github.com/aws/aws-sdk-go-v2/internal/configsources v1.3.2/go.mod h1:wRQv0nN6v9wDXuWThpovGQjqF1HFdcgWjporw14lS8k=
github.com/aws/aws-sdk-go-v2/internal/endpoints/v2 v2.6.2 h1:EtOU5jsPdIQNP+6Q2C5e3d65NKT1PeCiQk+9OdzO12Q=
github.com/aws/aws-sdk-go-v2/internal/endpoints/v2 v2.6.2/go.mod h1:tyF5sKccmDz0Bv4NrstEr+/9YkSPJHrcO7UsUKf7pWM=
github.com/aws/aws-sdk-go-v2/internal/ini v1.7.2 h1:GrSw8s0Gs/5zZ0SX+gX4zQjRnRsMJDJ2sLur1gRBhEM=
github.com/aws/aws-sdk-go-v2/internal/ini v1.7.2/go.mod h1:6fQQgfuGmw8Al/3M2IgIllycxV7ZW7WCdVSqfBeUiCY=
github.com/aws/aws-sdk-go-v2/internal/v4a v1.2.10 h1:5oE2WzJE56/mVveuDZPJESKlg/00AaS2pY2QZcnxg4M=
github.com/aws/aws-sdk-go-v2/internal/v4a v1.2.10/go.mod h1:FHbKWQtRBYUz4vO5WBWjzMD2by126ny5y/1EoaWoLfI=
github.com/aws/aws-sdk-go-v2/service/dynamodb v1.30.1 h1:haLXE5R07oaq/UnvSyE43V4jp9gA2XRMYcxkFYHEpdU=
github.com/aws/aws-sdk-go-v2/service/dynamodb v1.30.1/go.mod h1:mM51J0CILKQjqIawPDM4g6E1nyxdlvk/qaCDyJkx0II=
github.com/aws/aws-sdk-go-v2/service/dynamodbstreams v1.20.1 h1:kZR1TZ0VYcRK2LFiFt61EReplssCq9SZO4gVSYV1Aww=
github.com/aws/aws-sdk-go-v2/service/dynamodbstreams v1.20.1/go.mod h1:ifHRXsCyLVIdvDaAScQnM7jtsXtoBZFmyZiLMex8FTA=
github.com/aws/aws-sdk-go-v2/service/internal/accept-encoding v1.11.1 h1:EyBZibRTVAs6ECHZOw5/wlylS9OcTzwyjeQMudmREjE=
github.com/aws/aws-sdk-go-v2/service/internal/accept-encoding v1.11.1/go.mod h1:JKpmtYhhPs7D97NL/ltqz7yCkERFW5dOlHyVl66ZYF8=
github.com/aws/aws-sdk-go-v2/service/internal/checksum v1.2.10 h1:L0ai8WICYHozIKK+OtPzVJBugL7culcuM4E4JOpIEm8=
github.com/aws/aws-sdk-go-v2/service/internal/checksum v1.2.10/go.mod h1:byqfyxJBshFk0fF9YmK0M0ugIO8OWjzH2T3bPG4eGuA=
github.com/aws/aws-sdk-go-v2/service/internal/endpoint-discovery v1.9.2 h1:3tS2g6P3N+Wz64e9aNx7X4BCWN/gT9MUvIuv5l2eoho=
github.com/aws/aws-sdk-go-v2/service/internal/endpoint-discovery v1.9.2/go.mod h1:1Pf5vPqk8t9pdYB3dmUMRE/0m8u0IHHg8ESSiutJd0I=
github.com/aws/aws-sdk-go-v2/service/internal/presigned-url v1.10.10 h1:DBYTXwIGQSGs9w4jKm60F5dmCQ3EEruxdc0MFh+3EY4=
github.com/aws/aws-sdk-go-v2/service/internal/presigned-url v1.10.10/go.mod h1:wohMUQiFdzo0NtxbBg0mSRGZ4vL3n0dKjLTINdcIino=
github.com/aws/aws-sdk-go-v2/service/internal/s3shared v1.16.10 h1:KOxnQeWy5sXyS37fdKEvAsGHOr9fa/qvwxfJurR/BzE=
github.com/aws/aws-sdk-go-v2/service/internal/s3shared v1.16.10/go.mod h1:jMx5INQFYFYB3lQD9W0D8Ohgq6Wnl7NYOJ2TQndbulI=
github.com/aws/aws-sdk-go-v2/service/s3 v1.48.1 h1:5XNlsBsEvBZBMO6p82y+sqpWg8j5aBCe+5C2GBFgqBQ=
github.com/aws/aws-sdk-go-v2/service/s3 v1.48.1/go.mod h1:4qXHrG1Ne3VGIMZPCB8OjH/pLFO94sKABIusjh0KWPU=
github.com/aws/aws-sdk-go-v2/service/sqs v1.29.7 h1:tRNrFDGRm81e6nTX5Q4CFblea99eAfm0dxXazGpLceU=
github.com/aws/aws-sdk-go-v2/service/sqs v1.29.7/go.mod h1:8GWUDux5Z2h6z2efAtr54RdHXtLm8sq7Rg85ZNY/CZM=
github.com/aws/aws-sdk-go-v2/service/sso v1.18.5 h1:ldSFWz9tEHAwHNmjx2Cvy1MjP5/L9kNoR0skc6wyOOM=
github.com/aws/aws-sdk-go-v2/service/sso v1.18.5/go.mod h1:CaFfXLYL376jgbP7VKC96uFcU8Rlavak0UlAwk1Dlhc=
github.com/aws/aws-sdk-go-v2/service/ssooidc v1.21.5 h1:2k9KmFawS63euAkY4/ixVNsYYwrwnd5fIvgEKkfZFNM=
github.com/aws/aws-sdk-go-v2/service/ssooidc v1.21.5/go.mod h1:W+nd4wWDVkSUIox9bacmkBP5NMFQeTJ/xqNabpzSR38=
github.com/aws/aws-sdk-go-v2/service/sts v1.26.6 h1:HJeiuZ2fldpd0WqngyMR6KW7ofkXNLyOaHwEIGm39Cs=
github.com/aws/aws-sdk-go-v2/service/sts v1.26.6/go.mod h1:XX5gh4CB7wAs4KhcF46G6C8a2i7eupU19dcAAE+EydU=
github.com/aws/smithy-go v1.20.1 h1:4SZlSlMr36UEqC7XOyRVb27XMeZubNcBNN+9IgEPIQw=
github.com/aws/smithy-go v1.20.1/go.mod h1:krry+ya/rV9RDcV/Q16kpu6ypI4K2czasz0NC3qS14E=
github.com/brunoscheufler/aws-ecs-metadata-go v0.0.0-20221221133751-67e37ae746cd h1:C0dfBzAdNMqxokqWUysk2KTJSMmqvh9cNW1opdy5+0Q=
github.com/brunoscheufler/aws-ecs-metadata-go v0.0.0-20221221133751-67e37ae746cd/go.mod h1:CeKhh8xSs3WZAc50xABMxu+FlfAAd5PNumo7NfOv7EE=
github.com/bwmarrin/discordgo v0.27.1 h1:ib9AIc/dom1E/fSIulrBwnez0CToJE113ZGt4HoliGY=
github.com/bwmarrin/discordgo v0.27.1/go.mod h1:NJZpH+1AfhIcyQsPeuBKsUtYrRnjkyu0kIVMCHkZtRY=
github.com/cenkalti/backoff/v4 v4.2.1 h1:y4OZtCnogmCPw98Zjyt5a6+QwPLGkiQsYW5oUqylYbM=
github.com/cenkalti/backoff/v4 v4.2.1/go.mod h1:Y3VNntkOUPxTVeUxJ/G5vcM//AlwfmyYozVcomhLiZE=
github.com/davecgh/go-spew v1.1.0/go.mod h1:J7Y8YcW2NihsgmVo/mv3lAwl/skON4iLHjSsI+c5H38=
github.com/davecgh/go-spew v1.1.1/go.mod h1:J7Y8YcW2NihsgmVo/mv3lAwl/skON4iLHjSsI+c5H38=
github.com/davecgh/go-spew v1.1.2-0.20180830191138-d8f796af33cc h1:U9qPSI2PIWSS1VwoXQT9A3Wy9MM3WgvqSxFWenqJduM=
github.com/davecgh/go-spew v1.1.2-0.20180830191138-d8f796af33cc/go.mod h1:J7Y8YcW2NihsgmVo/mv3lAwl/skON4iLHjSsI+c5H38=
github.com/felixge/httpsnoop v1.0.4 h1:NFTV2Zj1bL4mc9sqWACXbQFVBBg2W3GPvqp8/ESS2Wg=
github.com/felixge/httpsnoop v1.0.4/go.mod h1:m8KPJKqk1gH5J9DgRY2ASl2lWCfGKXixSwevea8zH2U=
github.com/frankban/quicktest v1.14.6 h1:7Xjx+VpznH+oBnejlPUj8oUpdxnVs4f8XU8WnHkI4W8=
github.com/frankban/quicktest v1.14.6/go.mod h1:4ptaffx2x8+WTWXmUCuVU6aPUX1/Mz7zb5vbUoiM6w0=
github.com/fsnotify/fsnotify v1.7.0 h1:8JEhPFa5W2WU7YfeZzPNqzMP6Lwt7L2715Ggo0nosvA=
github.com/fsnotify/fsnotify v1.7.0/go.mod h1:40Bi/Hjc2AVfZrqy+aj+yEI+/bRxZnMJyTJwOpGvigM=
github.com/go-logr/logr v1.2.2/go.mod h1:jdQByPbusPIv2/zmleS9BjJVeZ6kBagPoEUsqbVz/1A=
github.com/go-logr/logr v1.4.1 h1:pKouT5E8xu9zeFC39JXRDukb6JFQPXM5p5I91188VAQ=
github.com/go-logr/logr v1.4.1/go.mod h1:9T104GzyrTigFIr8wt5mBrctHMim0Nb2HLGrmQ40KvY=
github.com/go-logr/stdr v1.2.2 h1:hSWxHoqTgW2S2qGc0LTAI563KZ5YKYRhT3MFKZMbjag=
github.com/go-logr/stdr v1.2.2/go.mod h1:mMo/vtBO5dYbehREoey6XUKy/eSumjCCveDpRre4VKE=
github.com/golang/protobuf v1.5.0/go.mod h1:FsONVRAS9T7sI+LIUmWTfcYkHO4aIWwzhcaSAoJOfIk=
github.com/golang/protobuf v1.5.3 h1:KhyjKVUg7Usr/dYsdSqoFveMYd5ko72D+zANwlG1mmg=
github.com/golang/protobuf v1.5.3/go.mod h1:XVQd3VNwM+JqD3oG2Ue2ip4fOMUkwXdXDdiuN0vRsmY=
github.com/google/go-cmp v0.5.5/go.mod h1:v8dTdLbMG2kIc/vJvl+f65V22dbkXbowE6jgT/gNBxE=
github.com/google/go-cmp v0.6.0 h1:ofyhxvXcZhMsU5ulbFiLKl/XBFqE1GSq7atu8tAmTRI=
github.com/google/go-cmp v0.6.0/go.mod h1:17dUlkBOakJ0+DkrSSNjCkIjxS6bF9zb3elmeNGIjoY=
github.com/gorilla/websocket v1.4.2/go.mod h1:YR8l580nyteQvAITg2hZ9XVh4b55+EU/adAjf1fMHhE=
github.com/gorilla/websocket v1.5.1 h1:gmztn0JnHVt9JZquRuzLw3g4wouNVzKL15iLr/zn/QY=
github.com/gorilla/websocket v1.5.1/go.mod h1:x3kM2JMyaluk02fnUJpQuwD2dCS5NDG2ZHL0uE0tcaY=
github.com/grpc-ecosystem/grpc-gateway/v2 v2.18.1 h1:6UKoz5ujsI55KNpsJH3UwCq3T8kKbZwNZBNPuTTje8U=
github.com/grpc-ecosystem/grpc-gateway/v2 v2.18.1/go.mod h1:YvJ2f6MplWDhfxiUC3KpyTy76kYUZA4W3pTv/wdKQ9Y=
github.com/hashicorp/hcl v1.0.0 h1:0Anlzjpi4vEasTeNFn2mLJgTSwt0+6sfsiTG8qcWGx4=
github.com/hashicorp/hcl v1.0.0/go.mod h1:E5yfLk+7swimpb2L/Alb/PJmXilQ/rhwaUYs4T20WEQ=
github.com/jmespath/go-jmespath v0.4.0 h1:BEgLn5cpjn8UN1mAw4NjwDrS35OdebyEtFe+9YPoQUg=
github.com/jmespath/go-jmespath v0.4.0/go.mod h1:T8mJZnbsbmF+m6zOOFylbeCJqk5+pHWvzYPziyZiYoo=
github.com/jmespath/go-jmespath/internal/testify v1.5.1 h1:shLQSRRSCCPj3f2gpwzGwWFoC7ycTf1rcQZHOlsJ6N8=
github.com/jmespath/go-jmespath/internal/testify v1.5.1/go.mod h1:L3OGu8Wl2/fWfCI6z80xFu9LTZmf1ZRjMHUOPmWr69U=
github.com/kr/pretty v0.3.1 h1:flRD4NNwYAUpkphVc1HcthR4KEIFJ65n8Mw5qdRn3LE=
github.com/kr/pretty v0.3.1/go.mod h1:hoEshYVHaxMs3cyo3Yncou5ZscifuDolrwPKZanG3xk=
github.com/kr/text v0.2.0 h1:5Nx0Ya0ZqY2ygV366QzturHI13Jq95ApcVaJBhpS+AY=
github.com/kr/text v0.2.0/go.mod h1:eLer722TekiGuMkidMxC/pM04lWEeraHUUmBw8l2grE=
github.com/magiconair/properties v1.8.7 h1:IeQXZAiQcpL9mgcAe1Nu6cX9LLw6ExEHKjN0VQdvPDY=
github.com/magiconair/properties v1.8.7/go.mod h1:Dhd985XPs7jluiymwWYZ0G4Z61jb3vdS329zhj2hYo0=
github.com/mitchellh/mapstructure v1.5.0 h1:jeMsZIYE/09sWLaz43PL7Gy6RuMjD2eJVyuac5Z2hdY=
github.com/mitchellh/mapstructure v1.5.0/go.mod h1:bFUtVrKA4DC2yAKiSyO/QUcy7e+RRV2QTWOzhPopBRo=
github.com/pelletier/go-toml/v2 v2.1.1 h1:LWAJwfNvjQZCFIDKWYQaM62NcYeYViCmWIwmOStowAI=
github.com/pelletier/go-toml/v2 v2.1.1/go.mod h1:tJU2Z3ZkXwnxa4DPO899bsyIoywizdUvyaeZurnPPDc=
github.com/pkg/errors v0.9.1 h1:FEBLx1zS214owpjy7qsBeixbURkuhQAwrK5UwLGTwt4=
github.com/pkg/errors v0.9.1/go.mod h1:bwawxfHBFNV+L2hUp1rHADufV3IMtnDRdf1r5NINEl0=
github.com/pmezard/go-difflib v1.0.0/go.mod h1:iKH77koFhYxTK1pcRnkKkqfTogsbg7gZNVY4sRDYZ/4=
github.com/pmezard/go-difflib v1.0.1-0.20181226105442-5d4384ee4fb2 h1:Jamvg5psRIccs7FGNTlIRMkT8wgtp5eCXdBlqhYGL6U=
github.com/pmezard/go-difflib v1.0.1-0.20181226105442-5d4384ee4fb2/go.mod h1:iKH77koFhYxTK1pcRnkKkqfTogsbg7gZNVY4sRDYZ/4=
github.com/rogpeppe/go-internal v1.11.0 h1:cWPaGQEPrBb5/AsnsZesgZZ9yb1OQ+GOISoDNXVBh4M=
github.com/rogpeppe/go-internal v1.11.0/go.mod h1:ddIwULY96R17DhadqLgMfk9H9tvdUzkipdSkR5nkCZA=
github.com/sagikazarmark/locafero v0.4.0 h1:HApY1R9zGo4DBgr7dqsTH/JJxLTTsOt7u6keLGt6kNQ=
github.com/sagikazarmark/locafero v0.4.0/go.mod h1:Pe1W6UlPYUk/+wc/6KFhbORCfqzgYEpgQ3O5fPuL3H4=
github.com/sagikazarmark/slog-shim v0.1.0 h1:diDBnUNK9N/354PgrxMywXnAwEr1QZcOr6gto+ugjYE=
github.com/sagikazarmark/slog-shim v0.1.0/go.mod h1:SrcSrq8aKtyuqEI1uvTDTK1arOWRIczQRv+GVI1AkeQ=
github.com/sashabaranov/go-openai v1.19.2 h1:+dkuCADSnwXV02YVJkdphY8XD9AyHLUWwk6V7LB6EL8=
github.com/sashabaranov/go-openai v1.19.2/go.mod h1:lj5b/K+zjTSFxVLijLSTDZuP7adOgerWeFyZLUhAKRg=
github.com/segmentio/ksuid v1.0.4 h1:sBo2BdShXjmcugAMwjugoGUdUV0pcxY5mW4xKRn3v4c=
github.com/segmentio/ksuid v1.0.4/go.mod h1:/XUiZBD3kVx5SmUOl55voK5yeAbBNNIed+2O73XgrPE=
github.com/sourcegraph/conc v0.3.0 h1:OQTbbt6P72L20UqAkXXuLOj79LfEanQ+YQFNpLA9ySo=
github.com/sourcegraph/conc v0.3.0/go.mod h1:Sdozi7LEKbFPqYX2/J+iBAM6HpqSLTASQIKqDmF7Mt0=
github.com/spf13/afero v1.11.0 h1:WJQKhtpdm3v2IzqG8VMqrr6Rf3UYpEF239Jy9wNepM8=
github.com/spf13/afero v1.11.0/go.mod h1:GH9Y3pIexgf1MTIWtNGyogA5MwRIDXGUr+hbWNoBjkY=
github.com/spf13/cast v1.6.0 h1:GEiTHELF+vaR5dhz3VqZfFSzZjYbgeKDpBxQVS4GYJ0=
github.com/spf13/cast v1.6.0/go.mod h1:ancEpBxwJDODSW/UG4rDrAqiKolqNNh2DX3mk86cAdo=
github.com/spf13/pflag v1.0.5 h1:iy+VFUOCP1a+8yFto/drg2CJ5u0yRoB7fZw3DKv/JXA=
github.com/spf13/pflag v1.0.5/go.mod h1:McXfInJRrz4CZXVZOBLb0bTZqETkiAhM9Iw0y3An2Bg=
github.com/spf13/viper v1.18.2 h1:LUXCnvUvSM6FXAsj6nnfc8Q2tp1dIgUfY9Kc8GsSOiQ=
github.com/spf13/viper v1.18.2/go.mod h1:EKmWIqdnk5lOcmR72yw6hS+8OPYcwD0jteitLMVB+yk=
github.com/stretchr/objx v0.1.0/go.mod h1:HFkY916IF+rwdDfMAkV7OtwuqBVzrE8GR6GFx+wExME=
github.com/stretchr/objx v0.4.0/go.mod h1:YvHI0jy2hoMjB+UWwv71VJQ9isScKT/TqJzVSSt89Yw=
github.com/stretchr/objx v0.5.0 h1:1zr/of2m5FGMsad5YfcqgdqdWrIhu+EBEJRhR1U7z/c=
github.com/stretchr/objx v0.5.0/go.mod h1:Yh+to48EsGEfYuaHDzXPcE3xhTkx73EhmCGUpEOglKo=
github.com/stretchr/testify v1.7.1/go.mod h1:6Fq8oRcR53rry900zMqJjRRixrwX3KX962/h/Wwjteg=
github.com/stretchr/testify v1.8.0/go.mod h1:yNjHg4UonilssWZ8iaSj1OCr/vHnekPRkoO+kdMU+MU=
github.com/stretchr/testify v1.8.4 h1:CcVxjf3Q8PM0mHUKJCdn+eZZtm5yQwehR5yeSVQQcUk=
github.com/stretchr/testify v1.8.4/go.mod h1:sz/lmYIOXD/1dqDmKjjqLyZ2RngseejIcXlSw2iwfAo=
github.com/subosito/gotenv v1.6.0 h1:9NlTDc1FTs4qu0DDq7AEtTPNw6SVm7uBMsUCUjABIf8=
github.com/subosito/gotenv v1.6.0/go.mod h1:Dk4QP5c2W3ibzajGcXpNraDfq2IrhjMIvMSWPKKo0FU=
go.opentelemetry.io/contrib/detectors/aws/ec2 v1.22.0 h1:5LrnP1bONirWo88VCj42fTPmW3paeGagVO52IuI3P5Y=
go.opentelemetry.io/contrib/detectors/aws/ec2 v1.22.0/go.mod h1:cwQ1slUTugsUKsy4C2Dg5Fwwpwy1mQ/eXy+epukKnuE=
go.opentelemetry.io/contrib/detectors/aws/ecs v1.22.0 h1:7H33HRFldX7xYZgDS0ihZVxMW1shjLsmnDAmz6c8MCA=
go.opentelemetry.io/contrib/detectors/aws/ecs v1.22.0/go.mod h1:700ewNHR9mZpUK/hp7MzGz4y98/JY8edItiLLL4BfEk=
go.opentelemetry.io/contrib/instrumentation/github.com/aws/aws-sdk-go-v2/otelaws v0.47.0 h1:vs3ze7HdaeLAOS8YCUeNq9R15JnF/zvFoY9KhA4d1+A=
go.opentelemetry.io/contrib/instrumentation/github.com/aws/aws-sdk-go-v2/otelaws v0.47.0/go.mod h1:aYXywX13cAxrTIkfMgWnhtVB3/pwgXYuf7V3aLkk8wg=
go.opentelemetry.io/contrib/instrumentation/net/http/otelhttp v0.47.0 h1:sv9kVfal0MK0wBMCOGr+HeJm9v803BkJxGrk2au7j08=
go.opentelemetry.io/contrib/instrumentation/net/http/otelhttp v0.47.0/go.mod h1:SK2UL73Zy1quvRPonmOmRDiWk1KBV3LyIeeIxcEApWw=
go.opentelemetry.io/otel v1.22.0 h1:xS7Ku+7yTFvDfDraDIJVpw7XPyuHlB9MCiqqX5mcJ6Y=
go.opentelemetry.io/otel v1.22.0/go.mod h1:eoV4iAi3Ea8LkAEI9+GFT44O6T/D0GWAVFyZVCC6pMI=
go.opentelemetry.io/otel/exporters/otlp/otlptrace v1.22.0 h1:9M3+rhx7kZCIQQhQRYaZCdNu1V73tm4TvXs2ntl98C4=
go.opentelemetry.io/otel/exporters/otlp/otlptrace v1.22.0/go.mod h1:noq80iT8rrHP1SfybmPiRGc9dc5M8RPmGvtwo7Oo7tc=
go.opentelemetry.io/otel/exporters/otlp/otlptrace/otlptracegrpc v1.22.0 h1:H2JFgRcGiyHg7H7bwcwaQJYrNFqCqrbTQ8K4p1OvDu8=
go.opentelemetry.io/otel/exporters/otlp/otlptrace/otlptracegrpc v1.22.0/go.mod h1:WfCWp1bGoYK8MeULtI15MmQVczfR+bFkk0DF3h06QmQ=
go.opentelemetry.io/otel/metric v1.22.0 h1:lypMQnGyJYeuYPhOM/bgjbFM6WE44W1/T45er4d8Hhg=
go.opentelemetry.io/otel/metric v1.22.0/go.mod h1:evJGjVpZv0mQ5QBRJoBF64yMuOf4xCWdXjK8pzFvliY=
go.opentelemetry.io/otel/sdk v1.22.0 h1:6coWHw9xw7EfClIC/+O31R8IY3/+EiRFHevmHafB2Gw=
go.opentelemetry.io/otel/sdk v1.22.0/go.mod h1:iu7luyVGYovrRpe2fmj3CVKouQNdTOkxtLzPvPz1DOc=
go.opentelemetry.io/otel/trace v1.22.0 h1:Hg6pPujv0XG9QaVbGOBVHunyuLcCC3jN7WEhPx83XD0=
go.opentelemetry.io/otel/trace v1.22.0/go.mod h1:RbbHXVqKES9QhzZq/fE5UnOSILqRt40a21sPw2He1xo=
go.opentelemetry.io/proto/otlp v1.0.0 h1:T0TX0tmXU8a3CbNXzEKGeU5mIVOdf0oykP+u2lIVU/I=
go.opentelemetry.io/proto/otlp v1.0.0/go.mod h1:Sy6pihPLfYHkr3NkUbEhGHFhINUSI/v80hjKIs5JXpM=
go.uber.org/goleak v1.3.0 h1:2K3zAYmnTNqV73imy9J1T3WC+gmCePx2hEGkimedGto=
go.uber.org/goleak v1.3.0/go.mod h1:CoHD4mav9JJNrW/WLlf7HGZPjdw8EucARQHekz1X6bE=
go.uber.org/multierr v1.11.0 h1:blXXJkSxSSfBVBlC76pxqeO+LN3aDfLQo+309xJstO0=
go.uber.org/multierr v1.11.0/go.mod h1:20+QtiLqy0Nd6FdQB9TLXag12DsQkrbs3htMFfDN80Y=
go.uber.org/zap v1.26.0 h1:sI7k6L95XOKS281NhVKOFCUNIvv9e0w4BF8N3u+tCRo=
go.uber.org/zap v1.26.0/go.mod h1:dtElttAiwGvoJ/vj4IwHBS/gXsEu/pZ50mUIRWuG0so=
golang.org/x/crypto v0.0.0-20210421170649-83a5a9bb288b/go.mod h1:T9bdIzuCu7OtxOm1hfPfRQxPLYneinmdGuTeoZ9dtd4=
golang.org/x/crypto v0.17.0 h1:r8bRNjWL3GshPW3gkd+RpvzWrZAwPS49OmTGZ/uhM4k=
golang.org/x/crypto v0.17.0/go.mod h1:gCAAfMLgwOJRpTjQ2zCCt2OcSfYMTeZVSRtQlPC7Nq4=
golang.org/x/exp v0.0.0-20231226003508-02704c960a9b h1:kLiC65FbiHWFAOu+lxwNPujcsl8VYyTYYEZnsOO1WK4=
golang.org/x/exp v0.0.0-20231226003508-02704c960a9b/go.mod h1:iRJReGqOEeBhDZGkGbynYwcHlctCvnjTYIamk7uXpHI=
golang.org/x/net v0.0.0-20210226172049-e18ecbb05110/go.mod h1:m0MpNAwzfU5UDzcl9v0D8zg8gWTRqZa9RBIspLL5mdg=
golang.org/x/net v0.19.0 h1:zTwKpTd2XuCqf8huc7Fo2iSy+4RHPd10s4KzeTnVr1c=
golang.org/x/net v0.19.0/go.mod h1:CfAk/cbD4CthTvqiEl8NpboMuiuOYsAr/7NOjZJtv1U=
golang.org/x/sys v0.0.0-20201119102817-f84b799fce68/go.mod h1:h1NjWce9XRLGQEsW7wpKNCjG9DtNlClVuFLEZdDNbEs=
golang.org/x/sys v0.16.0 h1:xWw16ngr6ZMtmxDyKyIgsE93KNKz5HKmMa3b8ALHidU=
golang.org/x/sys v0.16.0/go.mod h1:/VUhepiaJMQUp4+oa/7Zr1D23ma6VTLIYjOOTFZPUcA=
golang.org/x/term v0.0.0-20201126162022-7de9c90e9dd1/go.mod h1:bj7SfCRtBDWHUb9snDiAeCFNEtKQo2Wmx5Cou7ajbmo=
golang.org/x/text v0.3.3/go.mod h1:5Zoc/QRtKVWzQhOtBMvqHzDpF6irO9z98xDceosuGiQ=
golang.org/x/text v0.14.0 h1:ScX5w1eTa3QqT8oi6+ziP7dTV1S2+ALU0bI+0zXKWiQ=
golang.org/x/text v0.14.0/go.mod h1:18ZOQIKpY8NJVqYksKHtTdi31H5itFRjB5/qKTNYzSU=
golang.org/x/tools v0.0.0-20180917221912-90fa682c2a6e/go.mod h1:n7NCudcB/nEzxVGmLbDWY5pfWTLqBcC2KZ6jyYvM4mQ=
golang.org/x/xerrors v0.0.0-20191204190536-9bdfabe68543/go.mod h1:I/5z698sn9Ka8TeJc9MKroUUfqBBauWjQqLJ2OPfmY0=
google.golang.org/genproto v0.0.0-20231211222908-989df2bf70f3 h1:1hfbdAfFbkmpg41000wDVqr7jUpK/Yo+LPnIxxGzmkg=
google.golang.org/genproto v0.0.0-20231211222908-989df2bf70f3/go.mod h1:5RBcpGRxr25RbDzY5w+dmaqpSEvl8Gwl1x2CICf60ic=
google.golang.org/genproto/googleapis/api v0.0.0-20231212172506-995d672761c0 h1:s1w3X6gQxwrLEpxnLd/qXTVLgQE2yXwaOaoa6IlY/+o=
google.golang.org/genproto/googleapis/api v0.0.0-20231212172506-995d672761c0/go.mod h1:CAny0tYF+0/9rmDB9fahA9YLzX3+AEVl1qXbv5hhj6c=
google.golang.org/genproto/googleapis/rpc v0.0.0-20231212172506-995d672761c0 h1:/jFB8jK5R3Sq3i/lmeZO0cATSzFfZaJq1J2Euan3XKU=
google.golang.org/genproto/googleapis/rpc v0.0.0-20231212172506-995d672761c0/go.mod h1:FUoWkonphQm3RhTS+kOEhF8h0iDpm4tdXolVCeZ9KKA=
google.golang.org/grpc v1.61.0 h1:TOvOcuXn30kRao+gfcvsebNEa5iZIiLkisYEkf7R7o0=
google.golang.org/grpc v1.61.0/go.mod h1:VUbo7IFqmF1QtCAstipjG0GIoq49KvMe9+h1jFLBNJs=
google.golang.org/protobuf v1.26.0-rc.1/go.mod h1:jlhhOSvTdKEhbULTjvd4ARK9grFBp09yW+WbY/TyQbw=
google.golang.org/protobuf v1.26.0/go.mod h1:9q0QmTI4eRPtz6boOQmLYwt+qCgq0jsYwAQnmE0givc=
google.golang.org/protobuf v1.32.0 h1:pPC6BG5ex8PDFnkbrGU3EixyhKcQ2aDuBS36lqK/C7I=
google.golang.org/protobuf v1.32.0/go.mod h1:c6P6GXX6sHbq/GpV6MGZEdwhWPcYBgnhAHhKbcUYpos=
gopkg.in/check.v1 v0.0.0-20161208181325-20d25e280405/go.mod h1:Co6ibVJAznAaIkqp8huTwlJQCZ016jof/cbN4VW5Yz0=
gopkg.in/check.v1 v1.0.0-20201130134442-10cb98267c6c h1:Hei/4ADfdWqJk1ZMxUNpqntNwaWcugrBjAiHlqqRiVk=
gopkg.in/check.v1 v1.0.0-20201130134442-10cb98267c6c/go.mod h1:JHkPIbrfpd72SG/EVd6muEfDQjcINNoR0C8j2r3qZ4Q=
gopkg.in/ini.v1 v1.67.0 h1:Dgnx+6+nfE+IfzjUEISNeydPJh9AXNNsWbGP9KzCsOA=
gopkg.in/ini.v1 v1.67.0/go.mod h1:pNLf8WUiyNEtQjuu5G5vTm06TEv9tsIgeAvK8hOrP4k=
gopkg.in/yaml.v2 v2.2.8 h1:obN1ZagJSUGI0Ek/LBmuj4SNLPfIny3KsKFopxRdj10=
gopkg.in/yaml.v2 v2.2.8/go.mod h1:hI93XBmqTisBFMUTm0b8Fm+jr3Dg1NNxqwp+5A1VGuI=
gopkg.in/yaml.v3 v3.0.0-20200313102051-9f266ea9e77c/go.mod h1:K4uyk7z7BCEPqu6E+C64Yfv1cQ7kz7rIZviUmN+EgEM=
gopkg.in/yaml.v3 v3.0.1 h1:fxVm/GzAzEWqLHuvctI91KS9hhNmmWOoWu0XTYJS7CA=
gopkg.in/yaml.v3 v3.0.1/go.mod h1:K4uyk7z7BCEPqu6E+C64Yfv1cQ7kz7rIZviUmN+EgEM=
